
Microsoft Visual Studio Solution File, Format Version 12.00
# Visual Studio Version 17
VisualStudioVersion = 17.6.33712.159
MinimumVisualStudioVersion = 10.0.40219.1
Project("{FAE04EC0-301F-11D3-BF4B-00C04F79EFBC}") = "Car Race", "Car Race\Car Race.csproj", "{2F9DDB82-10EE-42CF-8E1A-85E29AFEB7BA}"
EndProject
Global
	GlobalSection(SolutionConfigurationPlatforms) = preSolution
		Debug|Any CPU = Debug|Any CPU
		Release|Any CPU = Release|Any CPU
	EndGlobalSection
	GlobalSection(ProjectConfigurationPlatforms) = postSolution
		{2F9DDB82-10EE-42CF-8E1A-85E29AFEB7BA}.Debug|Any CPU.ActiveCfg = Debug|Any CPU
		{2F9DDB82-10EE-42CF-8E1A-85E29AFEB7BA}.Debug|Any CPU.Build.0 = Debug|Any CPU
		{2F9DDB82-10EE-42CF-8E1A-85E29AFEB7BA}.Release|Any CPU.ActiveCfg = Release|Any CPU
		{2F9DDB82-10EE-42CF-8E1A-85E29AFEB7BA}.Release|Any CPU.Build.0 = Release|Any CPU
	EndGlobalSection
	GlobalSection(SolutionProperties) = preSolution
		HideSolutionNode = FALSE
	EndGlobalSection
	GlobalSection(ExtensibilityGlobals) = postSolution
		SolutionGuid = {4147BD49-A8BE-4BA7-8EE7-935C19E9B054}
	EndGlobalSection
EndGlobal
